
Microsoft Visual Studio Solution File, Format Version 12.00
# Visual Studio 15
VisualStudioVersion = 15.0.27703.2026
MinimumVisualStudioVersion = 10.0.40219.1
Project("{FAE04EC0-301F-11D3-BF4B-00C04F79EFBC}") = "dotnet-core-simple-web-ui", "dotnet-core-simple-web-ui\dotnet-core-simple-web-ui.csproj", "{D4892B9F-B3F1-4A56-B833-D776AFA2FF23}"
EndProject
Global
	GlobalSection(SolutionConfigurationPlatforms) = preSolution
		Debug|Any CPU = Debug|Any CPU
		Release|Any CPU = Release|Any CPU
	EndGlobalSection
	GlobalSection(ProjectConfigurationPlatforms) = postSolution
		{D4892B9F-B3F1-4A56-B833-D776AFA2FF23}.Debug|Any CPU.ActiveCfg = Debug|Any CPU
		{D4892B9F-B3F1-4A56-B833-D776AFA2FF23}.Debug|Any CPU.Build.0 = Debug|Any CPU
		{D4892B9F-B3F1-4A56-B833-D776AFA2FF23}.Release|Any CPU.ActiveCfg = Release|Any CPU
		{D4892B9F-B3F1-4A56-B833-D776AFA2FF23}.Release|Any CPU.Build.0 = Release|Any CPU
	EndGlobalSection
	GlobalSection(SolutionProperties) = preSolution
		HideSolutionNode = FALSE
	EndGlobalSection
	GlobalSection(ExtensibilityGlobals) = postSolution
		SolutionGuid = {C517799E-3A43-4513-BA1B-268CA2EB9BEB}
	EndGlobalSection
EndGlobal
